
Microsoft Visual Studio Solution File, Format Version 12.00
# Visual Studio Version 17
VisualStudioVersion = 17.7.34031.279
MinimumVisualStudioVersion = 10.0.40219.1
Project("{FAE04EC0-301F-11D3-BF4B-00C04F79EFBC}") = "ClientWPF", "ClientWPF\ClientWPF.csproj", "{FC34EF6B-2FC0-48F0-91A1-FB7B68FB2616}"
EndProject
Project("{FAE04EC0-301F-11D3-BF4B-00C04F79EFBC}") = "ServerApp", "ServerApp\ServerApp.csproj", "{1B081F62-E4AB-4A29-9EF0-AF708D5A3BCC}"
EndProject
Global
	GlobalSection(SolutionConfigurationPlatforms) = preSolution
		Debug|Any CPU = Debug|Any CPU
		Release|Any CPU = Release|Any CPU
	EndGlobalSection
	GlobalSection(ProjectConfigurationPlatforms) = postSolution
		{FC34EF6B-2FC0-48F0-91A1-FB7B68FB2616}.Debug|Any CPU.ActiveCfg = Debug|Any CPU
		{FC34EF6B-2FC0-48F0-91A1-FB7B68FB2616}.Debug|Any CPU.Build.0 = Debug|Any CPU
		{FC34EF6B-2FC0-48F0-91A1-FB7B68FB2616}.Release|Any CPU.ActiveCfg = Release|Any CPU
		{FC34EF6B-2FC0-48F0-91A1-FB7B68FB2616}.Release|Any CPU.Build.0 = Release|Any CPU
		{1B081F62-E4AB-4A29-9EF0-AF708D5A3BCC}.Debug|Any CPU.ActiveCfg = Debug|Any CPU
		{1B081F62-E4AB-4A29-9EF0-AF708D5A3BCC}.Debug|Any CPU.Build.0 = Debug|Any CPU
		{1B081F62-E4AB-4A29-9EF0-AF708D5A3BCC}.Release|Any CPU.ActiveCfg = Release|Any CPU
		{1B081F62-E4AB-4A29-9EF0-AF708D5A3BCC}.Release|Any CPU.Build.0 = Release|Any CPU
	EndGlobalSection
	GlobalSection(SolutionProperties) = preSolution
		HideSolutionNode = FALSE
	EndGlobalSection
	GlobalSection(ExtensibilityGlobals) = postSolution
		SolutionGuid = {67C096AB-057C-49FD-89AB-26AA9D983C97}
	EndGlobalSection
EndGlobal
